
Microsoft Visual Studio Solution File, Format Version 12.00
# Visual Studio Version 17
VisualStudioVersion = 17.11.35327.3
MinimumVisualStudioVersion = 10.0.40219.1
Project("{9A19103F-16F7-4668-BE54-9A1E7A4F7556}") = "TicketSystem.Domain", "TicketSystem.Domain\TicketSystem.Domain.csproj", "{3396EA45-0ECD-4CCC-8468-F4C94CB66E7E}"
EndProject
Project("{9A19103F-16F7-4668-BE54-9A1E7A4F7556}") = "TicketSystem.Application", "TicketSystem.Application\TicketSystem.Application.csproj", "{B9ABD9B2-90CE-4DCD-B63E-157DE9339205}"
EndProject
Project("{9A19103F-16F7-4668-BE54-9A1E7A4F7556}") = "TicketSystem.Infrastructure", "TicketSystem.Infrastructure\TicketSystem.Infrastructure.csproj", "{E9AF88E0-AE77-4520-835F-5694CF178C28}"
EndProject
Project("{9A19103F-16F7-4668-BE54-9A1E7A4F7556}") = "TicketSystem.API", "TicketSystem.API\TicketSystem.API.csproj", "{868A3BFA-438B-49EB-89B8-264618081800}"
EndProject
Project("{FAE04EC0-301F-11D3-BF4B-00C04F79EFBC}") = "TicketSystem.Application.Tests", "TicketSystem.Application.Tests\TicketSystem.Application.Tests.csproj", "{C8F7A532-EF90-4A22-AA74-2FAC0DC54B59}"
EndProject
Global
	GlobalSection(SolutionConfigurationPlatforms) = preSolution
		Debug|Any CPU = Debug|Any CPU
		Release|Any CPU = Release|Any CPU
	EndGlobalSection
	GlobalSection(ProjectConfigurationPlatforms) = postSolution
		{3396EA45-0ECD-4CCC-8468-F4C94CB66E7E}.Debug|Any CPU.ActiveCfg = Debug|Any CPU
		{3396EA45-0ECD-4CCC-8468-F4C94CB66E7E}.Debug|Any CPU.Build.0 = Debug|Any CPU
		{3396EA45-0ECD-4CCC-8468-F4C94CB66E7E}.Release|Any CPU.ActiveCfg = Release|Any CPU
		{3396EA45-0ECD-4CCC-8468-F4C94CB66E7E}.Release|Any CPU.Build.0 = Release|Any CPU
		{B9ABD9B2-90CE-4DCD-B63E-157DE9339205}.Debug|Any CPU.ActiveCfg = Debug|Any CPU
		{B9ABD9B2-90CE-4DCD-B63E-157DE9339205}.Debug|Any CPU.Build.0 = Debug|Any CPU
		{B9ABD9B2-90CE-4DCD-B63E-157DE9339205}.Release|Any CPU.ActiveCfg = Release|Any CPU
		{B9ABD9B2-90CE-4DCD-B63E-157DE9339205}.Release|Any CPU.Build.0 = Release|Any CPU
		{E9AF88E0-AE77-4520-835F-5694CF178C28}.Debug|Any CPU.ActiveCfg = Debug|Any CPU
		{E9AF88E0-AE77-4520-835F-5694CF178C28}.Debug|Any CPU.Build.0 = Debug|Any CPU
		{E9AF88E0-AE77-4520-835F-5694CF178C28}.Release|Any CPU.ActiveCfg = Release|Any CPU
		{E9AF88E0-AE77-4520-835F-5694CF178C28}.Release|Any CPU.Build.0 = Release|Any CPU
		{868A3BFA-438B-49EB-89B8-264618081800}.Debug|Any CPU.ActiveCfg = Debug|Any CPU
		{868A3BFA-438B-49EB-89B8-264618081800}.Debug|Any CPU.Build.0 = Debug|Any CPU
		{868A3BFA-438B-49EB-89B8-264618081800}.Release|Any CPU.ActiveCfg = Release|Any CPU
		{868A3BFA-438B-49EB-89B8-264618081800}.Release|Any CPU.Build.0 = Release|Any CPU
		{C8F7A532-EF90-4A22-AA74-2FAC0DC54B59}.Debug|Any CPU.ActiveCfg = Debug|Any CPU
		{C8F7A532-EF90-4A22-AA74-2FAC0DC54B59}.Debug|Any CPU.Build.0 = Debug|Any CPU
		{C8F7A532-EF90-4A22-AA74-2FAC0DC54B59}.Release|Any CPU.ActiveCfg = Release|Any CPU
		{C8F7A532-EF90-4A22-AA74-2FAC0DC54B59}.Release|Any CPU.Build.0 = Release|Any CPU
	EndGlobalSection
	GlobalSection(SolutionProperties) = preSolution
		HideSolutionNode = FALSE
	EndGlobalSection
	GlobalSection(ExtensibilityGlobals) = postSolution
		SolutionGuid = {8845CACA-E57E-4285-BED5-90FBA94AC5E1}
	EndGlobalSection
EndGlobal
